
Microsoft Visual Studio Solution File, Format Version 12.00
# Visual Studio 15
VisualStudioVersion = 15.0.27428.2043
MinimumVisualStudioVersion = 10.0.40219.1
Project("{FAE04EC0-301F-11D3-BF4B-00C04F79EFBC}") = "Sistema", "Sistema\Sistema.csproj", "{B81DEAEE-9771-47A9-8088-E4E7DACA2AEB}"
EndProject
Project("{FAE04EC0-301F-11D3-BF4B-00C04F79EFBC}") = "ClienteCadastro", "BairroCadastro\ClienteCadastro.csproj", "{F8904DBD-CEF8-408D-B768-B407E6256333}"
EndProject
Global
	GlobalSection(SolutionConfigurationPlatforms) = preSolution
		Debug|Any CPU = Debug|Any CPU
		Release|Any CPU = Release|Any CPU
	EndGlobalSection
	GlobalSection(ProjectConfigurationPlatforms) = postSolution
		{B81DEAEE-9771-47A9-8088-E4E7DACA2AEB}.Debug|Any CPU.ActiveCfg = Debug|Any CPU
		{B81DEAEE-9771-47A9-8088-E4E7DACA2AEB}.Debug|Any CPU.Build.0 = Debug|Any CPU
		{B81DEAEE-9771-47A9-8088-E4E7DACA2AEB}.Release|Any CPU.ActiveCfg = Release|Any CPU
		{B81DEAEE-9771-47A9-8088-E4E7DACA2AEB}.Release|Any CPU.Build.0 = Release|Any CPU
		{F8904DBD-CEF8-408D-B768-B407E6256333}.Debug|Any CPU.ActiveCfg = Debug|Any CPU
		{F8904DBD-CEF8-408D-B768-B407E6256333}.Debug|Any CPU.Build.0 = Debug|Any CPU
		{F8904DBD-CEF8-408D-B768-B407E6256333}.Release|Any CPU.ActiveCfg = Release|Any CPU
		{F8904DBD-CEF8-408D-B768-B407E6256333}.Release|Any CPU.Build.0 = Release|Any CPU
	EndGlobalSection
	GlobalSection(SolutionProperties) = preSolution
		HideSolutionNode = FALSE
	EndGlobalSection
	GlobalSection(ExtensibilityGlobals) = postSolution
		SolutionGuid = {45565F6B-1D40-4E73-A7EF-5C05FB3D7254}
	EndGlobalSection
EndGlobal
